<?xml version="1.0" encoding="utf-8"?>
<Project ToolsVersion="4.0" xmlns="http://schemas.microsoft.com/developer/msbuild/2003">
  <ItemGroup>
    <Filter Include="ソース ファイル">
      <UniqueIdentifier>{4FC737F1-C7A5-4376-A066-2A32D752A2FF}</UniqueIdentifier>
      <Extensions>cpp;c;cc;cxx;c++;cppm;ixx;def;odl;idl;hpj;bat;asm;asmx</Extensions>
    </Filter>
    <Filter Include="ヘッダー ファイル">
      <UniqueIdentifier>{93995380-89BD-4b04-88EB-625FBE52EBFB}</UniqueIdentifier>
      <Extensions>h;hh;hpp;hxx;h++;hm;inl;inc;ipp;xsd</Extensions>
    </Filter>
    <Filter Include="リソース ファイル">
      <UniqueIdentifier>{67DA6AB6-F800-4c08-8B7A-83BB121AAD01}</UniqueIdentifier>
      <Extensions>rc;ico;cur;bmp;dlg;rc2;rct;bin;rgs;gif;jpg;jpeg;jpe;resx;tiff;tif;png;wav;mfcribbon-ms</Extensions>
    </Filter>
    <Filter Include="ImGui">
      <UniqueIdentifier>{f72bb370-dbfe-47c9-8069-5f3e911acb0d}</UniqueIdentifier>
    </Filter>
    <Filter Include="Components">
      <UniqueIdentifier>{1d9693f3-465b-403e-a0e2-e9e4e4e7932c}</UniqueIdentifier>
    </Filter>
    <Filter Include="Scenes">
      <UniqueIdentifier>{c1a0b6a4-392f-4725-8ea5-00ca1e5653eb}</UniqueIdentifier>
    </Filter>
    <Filter Include="Mesh">
      <UniqueIdentifier>{2dd8ad1a-2947-4a26-a931-a1e707b1d4b5}</UniqueIdentifier>
    </Filter>
  </ItemGroup>
  <ItemGroup>
    <ClCompile Include="dx11helper.cpp">
      <Filter>ソース ファイル</Filter>
    </ClCompile>
    <ClCompile Include="Application.cpp">
      <Filter>ソース ファイル</Filter>
    </ClCompile>
    <ClCompile Include="main.cpp">
      <Filter>ソース ファイル</Filter>
    </ClCompile>
    <ClCompile Include="Renderer.cpp">
      <Filter>ソース ファイル</Filter>
    </ClCompile>
    <ClCompile Include="Shader.cpp">
      <Filter>ソース ファイル</Filter>
    </ClCompile>
    <ClCompile Include="TestCube.cpp">
      <Filter>ソース ファイル</Filter>
    </ClCompile>
    <ClCompile Include="stb_image.cpp">
      <Filter>ソース ファイル</Filter>
    </ClCompile>
    <ClCompile Include="Texture.cpp">
      <Filter>ソース ファイル</Filter>
    </ClCompile>
    <ClCompile Include="AssimpPerse.cpp">
      <Filter>ソース ファイル</Filter>
    </ClCompile>
    <ClCompile Include="utility.cpp">
      <Filter>ソース ファイル</Filter>
    </ClCompile>
    <ClCompile Include="GameObject.cpp">
      <Filter>ソース ファイル</Filter>
    </ClCompile>
    <ClCompile Include="input.cpp">
      <Filter>ソース ファイル</Filter>
    </ClCompile>
    <ClCompile Include="Game.cpp">
      <Filter>ソース ファイル</Filter>
    </ClCompile>
    <ClCompile Include="Texture2D.cpp">
      <Filter>ソース ファイル</Filter>
    </ClCompile>
    <ClCompile Include="ModelManager.cpp">
      <Filter>ソース ファイル</Filter>
    </ClCompile>
    <ClCompile Include="sound.cpp">
      <Filter>ソース ファイル</Filter>
    </ClCompile>
    <ClCompile Include="TextureManager.cpp">
      <Filter>ソース ファイル</Filter>
    </ClCompile>
    <ClCompile Include="EntityManager.cpp">
      <Filter>ソース ファイル</Filter>
    </ClCompile>
    <ClCompile Include="SystemManager.cpp">
      <Filter>ソース ファイル</Filter>
    </ClCompile>
    <ClCompile Include="SystemBase.cpp">
      <Filter>ソース ファイル</Filter>
    </ClCompile>
    <ClCompile Include="EntityDeleter.cpp">
      <Filter>ソース ファイル</Filter>
    </ClCompile>
    <ClCompile Include="Singleton.cpp">
      <Filter>ソース ファイル</Filter>
    </ClCompile>
    <ClCompile Include="SkyBox.cpp">
      <Filter>ソース ファイル</Filter>
    </ClCompile>
    <ClCompile Include="SkyDome.cpp">
      <Filter>ソース ファイル</Filter>
    </ClCompile>
    <ClCompile Include="TestBoard.cpp">
      <Filter>ソース ファイル</Filter>
    </ClCompile>
    <ClCompile Include="Test_Transparent.cpp">
      <Filter>ソース ファイル</Filter>
    </ClCompile>
    <ClCompile Include="DirectXRender.cpp">
      <Filter>ソース ファイル</Filter>
    </ClCompile>
    <ClCompile Include="Billboard.cpp">
      <Filter>ソース ファイル</Filter>
    </ClCompile>
    <ClCompile Include="..\imgui\imgui\Include\imgui.cpp">
      <Filter>ImGui</Filter>
    </ClCompile>
    <ClCompile Include="..\imgui\imgui\Include\imgui_demo.cpp">
      <Filter>ImGui</Filter>
    </ClCompile>
    <ClCompile Include="..\imgui\imgui\Include\imgui_draw.cpp">
      <Filter>ImGui</Filter>
    </ClCompile>
    <ClCompile Include="..\imgui\imgui\Include\imgui_impl_dx11.cpp">
      <Filter>ImGui</Filter>
    </ClCompile>
    <ClCompile Include="..\imgui\imgui\Include\imgui_impl_win32.cpp">
      <Filter>ImGui</Filter>
    </ClCompile>
    <ClCompile Include="..\imgui\imgui\Include\imgui_tables.cpp">
      <Filter>ImGui</Filter>
    </ClCompile>
    <ClCompile Include="..\imgui\imgui\Include\imgui_widgets.cpp">
      <Filter>ImGui</Filter>
    </ClCompile>
    <ClCompile Include="GameObjectManager.cpp">
      <Filter>ソース ファイル</Filter>
    </ClCompile>
    <ClCompile Include="DebugCout.cpp">
      <Filter>ソース ファイル</Filter>
    </ClCompile>
    <ClCompile Include="Ray.cpp">
      <Filter>ソース ファイル</Filter>
    </ClCompile>
    <ClCompile Include="Collider.cpp">
      <Filter>Components</Filter>
    </ClCompile>
    <ClCompile Include="Camera.cpp">
      <Filter>Components</Filter>
    </ClCompile>
    <ClCompile Include="Component.cpp">
      <Filter>Components</Filter>
    </ClCompile>
    <ClCompile Include="JumpComponent.cpp">
      <Filter>Components</Filter>
    </ClCompile>
    <ClCompile Include="RigidBodyComponent.cpp">
      <Filter>Components</Filter>
    </ClCompile>
    <ClCompile Include="Render.cpp">
      <Filter>Components</Filter>
    </ClCompile>
    <ClCompile Include="Render3D.cpp">
      <Filter>Components</Filter>
    </ClCompile>
    <ClCompile Include="Transform.cpp">
      <Filter>Components</Filter>
    </ClCompile>
    <ClCompile Include="Render3DColliderAABBComponent.cpp">
      <Filter>Components</Filter>
    </ClCompile>
    <ClCompile Include="TestMoveComponent.cpp">
      <Filter>Components</Filter>
    </ClCompile>
    <ClCompile Include="TestExtrusionComponent.cpp">
      <Filter>Components</Filter>
    </ClCompile>
    <ClCompile Include="Scene.cpp">
      <Filter>Scenes</Filter>
    </ClCompile>
    <ClCompile Include="SceneManager.cpp">
      <Filter>Scenes</Filter>
    </ClCompile>
    <ClCompile Include="Stage1Scene.cpp">
      <Filter>Scenes</Filter>
    </ClCompile>
    <ClCompile Include="TitleScene.cpp">
      <Filter>Scenes</Filter>
    </ClCompile>
    <ClCompile Include="ResultScene.cpp">
      <Filter>Scenes</Filter>
    </ClCompile>
    <ClCompile Include="SquareMesh.cpp">
      <Filter>Mesh</Filter>
    </ClCompile>
    <ClCompile Include="StaticMesh.cpp">
      <Filter>Mesh</Filter>
    </ClCompile>
    <ClCompile Include="CubeMesh.cpp">
      <Filter>Mesh</Filter>
    </ClCompile>
    <ClCompile Include="CircleMesh.cpp">
      <Filter>Mesh</Filter>
    </ClCompile>
    <ClCompile Include="SphereMesh.cpp">
      <Filter>Mesh</Filter>
    </ClCompile>
    <ClCompile Include="Bones.cpp">
      <Filter>ソース ファイル</Filter>
    </ClCompile>
    <ClCompile Include="RenderOneSkinAnimation.cpp">
      <Filter>Components</Filter>
    </ClCompile>
    <ClCompile Include="BonePartsMesh.cpp">
      <Filter>Mesh</Filter>
    </ClCompile>
    <ClCompile Include="InchWorm_Test.cpp">
      <Filter>Components</Filter>
    </ClCompile>
    <ClCompile Include="Render2D.cpp">
      <Filter>Components</Filter>
    </ClCompile>
    <ClCompile Include="RenderBillboard.cpp">
      <Filter>Components</Filter>
    </ClCompile>
    <ClCompile Include="BoneComponent.cpp">
      <Filter>Components</Filter>
    </ClCompile>
    <ClCompile Include="TestStageScene.cpp">
      <Filter>Scenes</Filter>
    </ClCompile>
    <ClCompile Include="FighterComponent.cpp">
      <Filter>Components</Filter>
    </ClCompile>
    <ClCompile Include="AttackComponent.cpp">
      <Filter>Components</Filter>
    </ClCompile>
    <ClCompile Include="EnemyDamageComponent.cpp">
      <Filter>Components</Filter>
    </ClCompile>
    <ClCompile Include="CameraMoveComponent.cpp">
      <Filter>Components</Filter>
    </ClCompile>
    <ClCompile Include="Spring.cpp">
      <Filter>Components</Filter>
    </ClCompile>
    <ClCompile Include="CameraPointComponent.cpp">
      <Filter>Components</Filter>
    </ClCompile>
    <ClCompile Include="CameraTargetComponent.cpp">
      <Filter>Components</Filter>
    </ClCompile>
    <ClCompile Include="TestMaskScene.cpp">
      <Filter>Scenes</Filter>
    </ClCompile>
    <ClCompile Include="RenderMask3D.cpp">
      <Filter>Components</Filter>
    </ClCompile>
    <ClCompile Include="Render3DColliderOBBComponent.cpp">
      <Filter>Components</Filter>
    </ClCompile>
  </ItemGroup>
  <ItemGroup>
    <ClInclude Include="dx11helper.h">
      <Filter>ヘッダー ファイル</Filter>
    </ClInclude>
    <ClInclude Include="Application.h">
      <Filter>ヘッダー ファイル</Filter>
    </ClInclude>
    <ClInclude Include="VertexBuffer.h">
      <Filter>ヘッダー ファイル</Filter>
    </ClInclude>
    <ClInclude Include="IndexBuffer.h">
      <Filter>ヘッダー ファイル</Filter>
    </ClInclude>
    <ClInclude Include="main.h">
      <Filter>ヘッダー ファイル</Filter>
    </ClInclude>
    <ClInclude Include="Renderer.h">
      <Filter>ヘッダー ファイル</Filter>
    </ClInclude>
    <ClInclude Include="Shader.h">
      <Filter>ヘッダー ファイル</Filter>
    </ClInclude>
    <ClInclude Include="TestCube.h">
      <Filter>ヘッダー ファイル</Filter>
    </ClInclude>
    <ClInclude Include="stb_image.h">
      <Filter>ヘッダー ファイル</Filter>
    </ClInclude>
    <ClInclude Include="Texture.h">
      <Filter>ヘッダー ファイル</Filter>
    </ClInclude>
    <ClInclude Include="AssimpPerse.h">
      <Filter>ヘッダー ファイル</Filter>
    </ClInclude>
    <ClInclude Include="MeshRenderer.h">
      <Filter>ヘッダー ファイル</Filter>
    </ClInclude>
    <ClInclude Include="utility.h">
      <Filter>ヘッダー ファイル</Filter>
    </ClInclude>
    <ClInclude Include="Material.h">
      <Filter>ヘッダー ファイル</Filter>
    </ClInclude>
    <ClInclude Include="GameObject.h">
      <Filter>ヘッダー ファイル</Filter>
    </ClInclude>
    <ClInclude Include="input.h">
      <Filter>ヘッダー ファイル</Filter>
    </ClInclude>
    <ClInclude Include="Game.h">
      <Filter>ヘッダー ファイル</Filter>
    </ClInclude>
    <ClInclude Include="Texture2D.h">
      <Filter>ヘッダー ファイル</Filter>
    </ClInclude>
    <ClInclude Include="ModelManager.h">
      <Filter>ヘッダー ファイル</Filter>
    </ClInclude>
    <ClInclude Include="sound.h">
      <Filter>ヘッダー ファイル</Filter>
    </ClInclude>
    <ClInclude Include="TextureManager.h">
      <Filter>ヘッダー ファイル</Filter>
    </ClInclude>
    <ClInclude Include="EntityManager.h">
      <Filter>ヘッダー ファイル</Filter>
    </ClInclude>
    <ClInclude Include="SystemManager.h">
      <Filter>ヘッダー ファイル</Filter>
    </ClInclude>
    <ClInclude Include="SystemBase.h">
      <Filter>ヘッダー ファイル</Filter>
    </ClInclude>
    <ClInclude Include="EntityDeleter.h">
      <Filter>ヘッダー ファイル</Filter>
    </ClInclude>
    <ClInclude Include="Singleton.h">
      <Filter>ヘッダー ファイル</Filter>
    </ClInclude>
    <ClInclude Include="SkyBox.h">
      <Filter>ヘッダー ファイル</Filter>
    </ClInclude>
    <ClInclude Include="SkyDome.h">
      <Filter>ヘッダー ファイル</Filter>
    </ClInclude>
    <ClInclude Include="TestBoard.h">
      <Filter>ヘッダー ファイル</Filter>
    </ClInclude>
    <ClInclude Include="Test_Transparent.h">
      <Filter>ヘッダー ファイル</Filter>
    </ClInclude>
    <ClInclude Include="DirectXRender.h">
      <Filter>ヘッダー ファイル</Filter>
    </ClInclude>
    <ClInclude Include="Billboard.h">
      <Filter>ヘッダー ファイル</Filter>
    </ClInclude>
    <ClInclude Include="..\imgui\imgui\Include\imconfig.h">
      <Filter>ImGui</Filter>
    </ClInclude>
    <ClInclude Include="..\imgui\imgui\Include\imgui.h">
      <Filter>ImGui</Filter>
    </ClInclude>
    <ClInclude Include="..\imgui\imgui\Include\imgui_impl_dx11.h">
      <Filter>ImGui</Filter>
    </ClInclude>
    <ClInclude Include="..\imgui\imgui\Include\imgui_impl_win32.h">
      <Filter>ImGui</Filter>
    </ClInclude>
    <ClInclude Include="..\imgui\imgui\Include\imgui_internal.h">
      <Filter>ImGui</Filter>
    </ClInclude>
    <ClInclude Include="..\imgui\imgui\Include\imstb_rectpack.h">
      <Filter>ImGui</Filter>
    </ClInclude>
    <ClInclude Include="..\imgui\imgui\Include\imstb_textedit.h">
      <Filter>ImGui</Filter>
    </ClInclude>
    <ClInclude Include="..\imgui\imgui\Include\imstb_truetype.h">
      <Filter>ImGui</Filter>
    </ClInclude>
    <ClInclude Include="GameObjectManager.h">
      <Filter>ヘッダー ファイル</Filter>
    </ClInclude>
    <ClInclude Include="DebugCout.h">
      <Filter>ヘッダー ファイル</Filter>
    </ClInclude>
    <ClInclude Include="Ray.h">
      <Filter>ヘッダー ファイル</Filter>
    </ClInclude>
    <ClInclude Include="RenderElement.h">
      <Filter>ヘッダー ファイル</Filter>
    </ClInclude>
    <ClInclude Include="Camera.h">
      <Filter>Components</Filter>
    </ClInclude>
    <ClInclude Include="Collider.h">
      <Filter>Components</Filter>
    </ClInclude>
    <ClInclude Include="JumpComponent.h">
      <Filter>Components</Filter>
    </ClInclude>
    <ClInclude Include="Render.h">
      <Filter>Components</Filter>
    </ClInclude>
    <ClInclude Include="Render3D.h">
      <Filter>Components</Filter>
    </ClInclude>
    <ClInclude Include="RigidBodyComponent.h">
      <Filter>Components</Filter>
    </ClInclude>
    <ClInclude Include="Transform.h">
      <Filter>Components</Filter>
    </ClInclude>
    <ClInclude Include="Component.h">
      <Filter>Components</Filter>
    </ClInclude>
    <ClInclude Include="Render3DColliderAABBComponent.h">
      <Filter>Components</Filter>
    </ClInclude>
    <ClInclude Include="TestMoveComponent.h">
      <Filter>Components</Filter>
    </ClInclude>
    <ClInclude Include="TestExtrusionComponent.h">
      <Filter>Components</Filter>
    </ClInclude>
    <ClInclude Include="SceneList.h">
      <Filter>Scenes</Filter>
    </ClInclude>
    <ClInclude Include="Scene.h">
      <Filter>Scenes</Filter>
    </ClInclude>
    <ClInclude Include="SceneManager.h">
      <Filter>Scenes</Filter>
    </ClInclude>
    <ClInclude Include="Stage1Scene.h">
      <Filter>Scenes</Filter>
    </ClInclude>
    <ClInclude Include="TitleScene.h">
      <Filter>Scenes</Filter>
    </ClInclude>
    <ClInclude Include="ResultScene.h">
      <Filter>Scenes</Filter>
    </ClInclude>
    <ClInclude Include="CubeMesh.h">
      <Filter>Mesh</Filter>
    </ClInclude>
    <ClInclude Include="SquareMesh.h">
      <Filter>Mesh</Filter>
    </ClInclude>
    <ClInclude Include="StaticMesh.h">
      <Filter>Mesh</Filter>
    </ClInclude>
    <ClInclude Include="Mesh.h">
      <Filter>Mesh</Filter>
    </ClInclude>
    <ClInclude Include="CircleMesh.h">
      <Filter>Mesh</Filter>
    </ClInclude>
    <ClInclude Include="SphereMesh.h">
      <Filter>Mesh</Filter>
    </ClInclude>
    <ClInclude Include="BoneData.h">
      <Filter>ヘッダー ファイル</Filter>
    </ClInclude>
    <ClInclude Include="Bones.h">
      <Filter>ヘッダー ファイル</Filter>
    </ClInclude>
    <ClInclude Include="RenderOneSkinAnimation.h">
      <Filter>Components</Filter>
    </ClInclude>
    <ClInclude Include="BonePartsMesh.h">
      <Filter>Mesh</Filter>
    </ClInclude>
    <ClInclude Include="InchWorm_Test.h">
      <Filter>Components</Filter>
    </ClInclude>
    <ClInclude Include="Render2D.h">
      <Filter>Components</Filter>
    </ClInclude>
    <ClInclude Include="RenderBillboard.h">
      <Filter>Components</Filter>
    </ClInclude>
    <ClInclude Include="BoneComponent.h">
      <Filter>Components</Filter>
    </ClInclude>
    <ClInclude Include="TestStageScene.h">
      <Filter>Scenes</Filter>
    </ClInclude>
    <ClInclude Include="FighterComponent.h">
      <Filter>Components</Filter>
    </ClInclude>
    <ClInclude Include="AttackComponent.h">
      <Filter>Components</Filter>
    </ClInclude>
    <ClInclude Include="EnemyDamageComponent.h">
      <Filter>Components</Filter>
    </ClInclude>
    <ClInclude Include="CameraMoveComponent.h">
      <Filter>Components</Filter>
    </ClInclude>
    <ClInclude Include="Spring.h">
      <Filter>Components</Filter>
    </ClInclude>
    <ClInclude Include="CameraPointComponent.h">
      <Filter>Components</Filter>
    </ClInclude>
    <ClInclude Include="CameraPattern.h">
      <Filter>ヘッダー ファイル</Filter>
    </ClInclude>
    <ClInclude Include="CameraTargetComponent.h">
      <Filter>Components</Filter>
    </ClInclude>
    <ClInclude Include="TestMaskScene.h">
      <Filter>Scenes</Filter>
    </ClInclude>
    <ClInclude Include="RenderMask3D.h">
      <Filter>Components</Filter>
    </ClInclude>
    <ClInclude Include="Render3DColliderOBBComponent.h">
      <Filter>Components</Filter>
    </ClInclude>
  </ItemGroup>
  <ItemGroup>
    <FxCompile Include="shader\common.hlsl">
      <Filter>リソース ファイル</Filter>
    </FxCompile>
    <FxCompile Include="shader\unlitTexturePS.hlsl">
      <Filter>リソース ファイル</Filter>
    </FxCompile>
    <FxCompile Include="shader\unlitTextureVS.hlsl">
      <Filter>リソース ファイル</Filter>
    </FxCompile>
    <FxCompile Include="shader\litTexturePS.hlsl" />
    <FxCompile Include="shader\litTextureVS.hlsl" />
    <FxCompile Include="OneSkinAnimationVS.hlsl">
      <Filter>リソース ファイル</Filter>
    </FxCompile>
    <FxCompile Include="OneSkinAnimationPS.hlsl">
      <Filter>リソース ファイル</Filter>
    </FxCompile>
    <FxCompile Include="unlitTextureVS2D.hlsl">
      <Filter>リソース ファイル</Filter>
    </FxCompile>
    <FxCompile Include="MaskTexturePS.hlsl">
      <Filter>リソース ファイル</Filter>
    </FxCompile>
  </ItemGroup>
</Project>