<?xml version="1.0" encoding="utf-8"?>
<Project ToolsVersion="4.0" xmlns="http://schemas.microsoft.com/developer/msbuild/2003">
  <ItemGroup>
    <Filter Include="ソース ファイル">
      <UniqueIdentifier>{4FC737F1-C7A5-4376-A066-2A32D752A2FF}</UniqueIdentifier>
      <Extensions>cpp;c;cc;cxx;c++;cppm;ixx;def;odl;idl;hpj;bat;asm;asmx</Extensions>
    </Filter>
    <Filter Include="ヘッダー ファイル">
      <UniqueIdentifier>{93995380-89BD-4b04-88EB-625FBE52EBFB}</UniqueIdentifier>
      <Extensions>h;hh;hpp;hxx;h++;hm;inl;inc;ipp;xsd</Extensions>
    </Filter>
    <Filter Include="リソース ファイル">
      <UniqueIdentifier>{67DA6AB6-F800-4c08-8B7A-83BB121AAD01}</UniqueIdentifier>
      <Extensions>rc;ico;cur;bmp;dlg;rc2;rct;bin;rgs;gif;jpg;jpeg;jpe;resx;tiff;tif;png;wav;mfcribbon-ms</Extensions>
    </Filter>
    <Filter Include="ImGui">
      <UniqueIdentifier>{f72bb370-dbfe-47c9-8069-5f3e911acb0d}</UniqueIdentifier>
    </Filter>
    <Filter Include="Components">
      <UniqueIdentifier>{1d9693f3-465b-403e-a0e2-e9e4e4e7932c}</UniqueIdentifier>
    </Filter>
    <Filter Include="Scenes">
      <UniqueIdentifier>{c1a0b6a4-392f-4725-8ea5-00ca1e5653eb}</UniqueIdentifier>
    </Filter>
    <Filter Include="Mesh">
      <UniqueIdentifier>{2dd8ad1a-2947-4a26-a931-a1e707b1d4b5}</UniqueIdentifier>
    </Filter>
    <Filter Include="Managers">
      <UniqueIdentifier>{011f208d-19b8-413c-a3de-e9e9e6037bca}</UniqueIdentifier>
    </Filter>
    <Filter Include="DebugSystem">
      <UniqueIdentifier>{22874ba1-41bd-4134-9802-4f0c51d0015c}</UniqueIdentifier>
    </Filter>
  </ItemGroup>
  <ItemGroup>
    <ClCompile Include="dx11helper.cpp">
      <Filter>ソース ファイル</Filter>
    </ClCompile>
    <ClCompile Include="System\Application.cpp">
      <Filter>ソース ファイル</Filter>
    </ClCompile>
    <ClCompile Include="System\main.cpp">
      <Filter>ソース ファイル</Filter>
    </ClCompile>
    <ClCompile Include="Shader.cpp">
      <Filter>ソース ファイル</Filter>
    </ClCompile>
    <ClCompile Include="stb_image.cpp">
      <Filter>ソース ファイル</Filter>
    </ClCompile>
    <ClCompile Include="Texture.cpp">
      <Filter>ソース ファイル</Filter>
    </ClCompile>
    <ClCompile Include="System\AssimpPerse.cpp">
      <Filter>ソース ファイル</Filter>
    </ClCompile>
    <ClCompile Include="GameObject.cpp">
      <Filter>ソース ファイル</Filter>
    </ClCompile>
    <ClCompile Include="input.cpp">
      <Filter>ソース ファイル</Filter>
    </ClCompile>
    <ClCompile Include="sound.cpp">
      <Filter>ソース ファイル</Filter>
    </ClCompile>
    <ClCompile Include="System\DirectXRender.cpp">
      <Filter>ソース ファイル</Filter>
    </ClCompile>
    <ClCompile Include="..\imgui\imgui\Include\imgui.cpp">
      <Filter>ImGui</Filter>
    </ClCompile>
    <ClCompile Include="..\imgui\imgui\Include\imgui_demo.cpp">
      <Filter>ImGui</Filter>
    </ClCompile>
    <ClCompile Include="..\imgui\imgui\Include\imgui_draw.cpp">
      <Filter>ImGui</Filter>
    </ClCompile>
    <ClCompile Include="..\imgui\imgui\Include\imgui_impl_dx11.cpp">
      <Filter>ImGui</Filter>
    </ClCompile>
    <ClCompile Include="..\imgui\imgui\Include\imgui_impl_win32.cpp">
      <Filter>ImGui</Filter>
    </ClCompile>
    <ClCompile Include="..\imgui\imgui\Include\imgui_tables.cpp">
      <Filter>ImGui</Filter>
    </ClCompile>
    <ClCompile Include="..\imgui\imgui\Include\imgui_widgets.cpp">
      <Filter>ImGui</Filter>
    </ClCompile>
    <ClCompile Include="System\DebugCout.cpp">
      <Filter>ソース ファイル</Filter>
    </ClCompile>
    <ClCompile Include="Ray.cpp">
      <Filter>ソース ファイル</Filter>
    </ClCompile>
    <ClCompile Include="Components\Collider.cpp">
      <Filter>Components</Filter>
    </ClCompile>
    <ClCompile Include="Components\Camera.cpp">
      <Filter>Components</Filter>
    </ClCompile>
    <ClCompile Include="Components\Component.cpp">
      <Filter>Components</Filter>
    </ClCompile>
    <ClCompile Include="Components\JumpComponent.cpp">
      <Filter>Components</Filter>
    </ClCompile>
    <ClCompile Include="Components\RigidBodyComponent.cpp">
      <Filter>Components</Filter>
    </ClCompile>
    <ClCompile Include="Components\Render.cpp">
      <Filter>Components</Filter>
    </ClCompile>
    <ClCompile Include="Components\Render3D.cpp">
      <Filter>Components</Filter>
    </ClCompile>
    <ClCompile Include="Components\Transform.cpp">
      <Filter>Components</Filter>
    </ClCompile>
    <ClCompile Include="Components\Render3DColliderAABBComponent.cpp">
      <Filter>Components</Filter>
    </ClCompile>
    <ClCompile Include="Components\PlayerOperationComponent.cpp">
      <Filter>Components</Filter>
    </ClCompile>
    <ClCompile Include="Scene\Scene.cpp">
      <Filter>Scenes</Filter>
    </ClCompile>
    <ClCompile Include="Scene\Stage1Scene.cpp">
      <Filter>Scenes</Filter>
    </ClCompile>
    <ClCompile Include="Scene\TitleScene.cpp">
      <Filter>Scenes</Filter>
    </ClCompile>
    <ClCompile Include="Scene\ResultScene.cpp">
      <Filter>Scenes</Filter>
    </ClCompile>
    <ClCompile Include="Mesh\SquareMesh.cpp">
      <Filter>Mesh</Filter>
    </ClCompile>
    <ClCompile Include="StaticMesh.cpp">
      <Filter>Mesh</Filter>
    </ClCompile>
    <ClCompile Include="Mesh\CubeMesh.cpp">
      <Filter>Mesh</Filter>
    </ClCompile>
    <ClCompile Include="Mesh\CircleMesh.cpp">
      <Filter>Mesh</Filter>
    </ClCompile>
    <ClCompile Include="Mesh\SphereMesh.cpp">
      <Filter>Mesh</Filter>
    </ClCompile>
    <ClCompile Include="Components\RenderOneSkinAnimation.cpp">
      <Filter>Components</Filter>
    </ClCompile>
    <ClCompile Include="BonePartsMesh.cpp">
      <Filter>Mesh</Filter>
    </ClCompile>
    <ClCompile Include="InchWorm_Test.cpp">
      <Filter>Components</Filter>
    </ClCompile>
    <ClCompile Include="Components\Render2D.cpp">
      <Filter>Components</Filter>
    </ClCompile>
    <ClCompile Include="Components\RenderBillboard.cpp">
      <Filter>Components</Filter>
    </ClCompile>
    <ClCompile Include="Components\BoneComponent.cpp">
      <Filter>Components</Filter>
    </ClCompile>
    <ClCompile Include="Scene\TestStageScene.cpp">
      <Filter>Scenes</Filter>
    </ClCompile>
    <ClCompile Include="Components\FighterComponent.cpp">
      <Filter>Components</Filter>
    </ClCompile>
    <ClCompile Include="Components\AttackTimingComponent.cpp">
      <Filter>Components</Filter>
    </ClCompile>
    <ClCompile Include="Components\EnemyDamageComponent.cpp">
      <Filter>Components</Filter>
    </ClCompile>
    <ClCompile Include="Components\CameraMoveComponent.cpp">
      <Filter>Components</Filter>
    </ClCompile>
    <ClCompile Include="Components\SpringComponent.cpp">
      <Filter>Components</Filter>
    </ClCompile>
    <ClCompile Include="Components\CameraPointComponent.cpp">
      <Filter>Components</Filter>
    </ClCompile>
    <ClCompile Include="Components\CameraTargetComponent.cpp">
      <Filter>Components</Filter>
    </ClCompile>
    <ClCompile Include="Scene\TestMaskScene.cpp">
      <Filter>Scenes</Filter>
    </ClCompile>
    <ClCompile Include="Components\RenderMask3D.cpp">
      <Filter>Components</Filter>
    </ClCompile>
    <ClCompile Include="Components\Render3DColliderOBBComponent.cpp">
      <Filter>Components</Filter>
    </ClCompile>
    <ClCompile Include="Components\GoAroundComponent.cpp">
      <Filter>Components</Filter>
    </ClCompile>
    <ClCompile Include="Components\HPBarMoveComponent.cpp">
      <Filter>Components</Filter>
    </ClCompile>
    <ClCompile Include="Components\StageLoadCSVComponent.cpp">
      <Filter>Components</Filter>
    </ClCompile>
    <ClCompile Include="Scene\LoadStageScene.cpp">
      <Filter>Scenes</Filter>
    </ClCompile>
    <ClCompile Include="Components\TerrainJsonComponent.cpp">
      <Filter>Components</Filter>
    </ClCompile>
    <ClCompile Include="Components\AttackComponent.cpp">
      <Filter>Components</Filter>
    </ClCompile>
    <ClCompile Include="Components\AttackOneTimeComponent.cpp">
      <Filter>Components</Filter>
    </ClCompile>
    <ClCompile Include="Components\JsonComponent.cpp">
      <Filter>Components</Filter>
    </ClCompile>
    <ClCompile Include="Components\EnemyJsonComponent.cpp">
      <Filter>Components</Filter>
    </ClCompile>
    <ClCompile Include="Components\CSVObjectManagerComponent.cpp">
      <Filter>Components</Filter>
    </ClCompile>
    <ClCompile Include="Components\EnemyManagerComponent.cpp">
      <Filter>Components</Filter>
    </ClCompile>
    <ClCompile Include="Components\TestExtrusionJudgeComponent.cpp">
      <Filter>Components</Filter>
    </ClCompile>
    <ClCompile Include="Mesh\SkyDomeMesh.cpp">
      <Filter>Mesh</Filter>
    </ClCompile>
    <ClCompile Include="Components\SkyDomeRenderComponent.cpp">
      <Filter>Components</Filter>
    </ClCompile>
    <ClCompile Include="Manager\SceneManager.cpp">
      <Filter>Managers</Filter>
    </ClCompile>
    <ClCompile Include="Manager\GameObjectManager.cpp">
      <Filter>Managers</Filter>
    </ClCompile>
    <ClCompile Include="Manager\ModelManager.cpp">
      <Filter>Managers</Filter>
    </ClCompile>
    <ClCompile Include="Manager\TimeManager.cpp">
      <Filter>Managers</Filter>
    </ClCompile>
    <ClCompile Include="Manager\TextureManager.cpp">
      <Filter>Managers</Filter>
    </ClCompile>
    <ClCompile Include="Manager\ComponentTypeManager.cpp">
      <Filter>Managers</Filter>
    </ClCompile>
    <ClCompile Include="Components\TestSwordActionComponent.cpp">
      <Filter>Components</Filter>
    </ClCompile>
    <ClCompile Include="Components\DoorFadeComponent.cpp">
      <Filter>Components</Filter>
    </ClCompile>
    <ClCompile Include="Components\TerrainManagerComponent.cpp">
      <Filter>Managers</Filter>
    </ClCompile>
    <ClCompile Include="Components\EnemyActionComponent.cpp">
      <Filter>Components</Filter>
    </ClCompile>
    <ClCompile Include="Components\EnemyActionBulletComponent.cpp">
      <Filter>Components</Filter>
    </ClCompile>
    <ClCompile Include="Components\BulletComponent.cpp">
      <Filter>Components</Filter>
    </ClCompile>
    <ClCompile Include="Components\PlayerDamageComponent.cpp">
      <Filter>Components</Filter>
    </ClCompile>
    <ClCompile Include="Components\EnemyActionHopperComponent.cpp">
      <Filter>Components</Filter>
    </ClCompile>
    <ClCompile Include="Components\Effect2DComponent.cpp">
      <Filter>Components</Filter>
    </ClCompile>
    <ClCompile Include="Components\MoveTerrainComponent.cpp">
      <Filter>Components</Filter>
    </ClCompile>
    <ClCompile Include="Components\BossEventComponent.cpp">
      <Filter>Components</Filter>
    </ClCompile>
    <ClCompile Include="Components\EnemyActionBossComponent.cpp">
      <Filter>Components</Filter>
    </ClCompile>
    <ClCompile Include="Components\BlinkingUIComponent.cpp">
      <Filter>Components</Filter>
    </ClCompile>
    <ClCompile Include="Components\DeathBlockComponent.cpp">
      <Filter>Components</Filter>
    </ClCompile>
    <ClCompile Include="Components\HumanBoneComponent.cpp">
      <Filter>Components</Filter>
    </ClCompile>
    <ClCompile Include="Mesh\LineMesh.cpp">
      <Filter>Mesh</Filter>
    </ClCompile>
    <ClCompile Include="Components\RenderLineComponent.cpp">
      <Filter>Components</Filter>
    </ClCompile>
    <ClCompile Include="utility.cpp">
      <Filter>ヘッダー ファイル</Filter>
    </ClCompile>
    <ClCompile Include="Components\BonePartsComponent.cpp">
      <Filter>Components</Filter>
    </ClCompile>
    <ClCompile Include="Components\FollowPositionComponent.cpp">
      <Filter>Components</Filter>
    </ClCompile>
    <ClCompile Include="HelpMath.cpp">
      <Filter>ソース ファイル</Filter>
    </ClCompile>
    <ClCompile Include="Components\RenderBlurComponent.cpp">
      <Filter>Components</Filter>
    </ClCompile>
    <ClCompile Include="Mesh\Mesh.cpp">
      <Filter>Mesh</Filter>
    </ClCompile>
    <ClCompile Include="Scene\HighwayScene.cpp">
      <Filter>Scenes</Filter>
    </ClCompile>
    <ClCompile Include="Components\LeapToCenterCarComponent.cpp">
      <Filter>Components</Filter>
    </ClCompile>
    <ClCompile Include="Components\MoveCarComponent.cpp">
      <Filter>Components</Filter>
    </ClCompile>
    <ClCompile Include="Components\HitFlashComponent.cpp">
      <Filter>Components</Filter>
    </ClCompile>
    <ClCompile Include="Components\TrailRenderComponent.cpp">
      <Filter>Components</Filter>
    </ClCompile>
    <ClCompile Include="Mesh\TrailMesh.cpp">
      <Filter>Mesh</Filter>
    </ClCompile>
    <ClCompile Include="Mesh\PlaneMesh.cpp">
      <Filter>Mesh</Filter>
    </ClCompile>
    <ClCompile Include="Components\ArbitraryRotationComponent.cpp">
      <Filter>Components</Filter>
    </ClCompile>
    <ClCompile Include="Manager\HitStopManager.cpp">
      <Filter>Managers</Filter>
    </ClCompile>
    <ClCompile Include="Components\TrailMakeComponent.cpp">
      <Filter>Components</Filter>
    </ClCompile>
    <ClCompile Include="Components\Bones.cpp">
      <Filter>ソース ファイル</Filter>
    </ClCompile>
    <ClCompile Include="Components\CameraShakeComponent.cpp">
      <Filter>Components</Filter>
    </ClCompile>
    <ClCompile Include="Manager\EventBusManager.cpp">
      <Filter>Managers</Filter>
    </ClCompile>
    <ClCompile Include="Components\MeshCut2DComponent.cpp">
      <Filter>Components</Filter>
    </ClCompile>
    <ClCompile Include="Components\RenderMotionBlurComponent.cpp">
      <Filter>Components</Filter>
    </ClCompile>
    <ClCompile Include="DebugSystem\DebugSystem.cpp">
      <Filter>DebugSystem</Filter>
    </ClCompile>
    <ClCompile Include="Components\ProjectileMotionComponent.cpp">
      <Filter>Components</Filter>
    </ClCompile>
    <ClCompile Include="Mesh\TriangleMesh.cpp">
      <Filter>Mesh</Filter>
    </ClCompile>
    <ClCompile Include="Mesh\PentagonMesh.cpp">
      <Filter>Mesh</Filter>
    </ClCompile>
    <ClCompile Include="Components\RenderLine2DComponent.cpp">
      <Filter>Components</Filter>
    </ClCompile>
    <ClCompile Include="Components\VectorMoveComponent.cpp">
      <Filter>Components</Filter>
    </ClCompile>
    <ClCompile Include="Components\FliesMoveComponent.cpp">
      <Filter>Components</Filter>
    </ClCompile>
    <ClCompile Include="Components\TimeSpawnParticlesComponent.cpp">
      <Filter>Components</Filter>
    </ClCompile>
    <ClCompile Include="Components\TitleAnimationControlComponent.cpp">
      <Filter>Components</Filter>
    </ClCompile>
    <ClCompile Include="Components\RenderParticlesComponent.cpp">
      <Filter>ソース ファイル</Filter>
    </ClCompile>
    <ClCompile Include="Components\EnemyDeathEventComponent.cpp">
      <Filter>Components</Filter>
    </ClCompile>
    <ClCompile Include="Components\MotionBlurControllerComponent.cpp">
      <Filter>Components</Filter>
    </ClCompile>
    <ClCompile Include="Components\RenderMotionBlurCircularComponent.cpp">
      <Filter>Components</Filter>
    </ClCompile>
    <ClCompile Include="Components\RenderLuminescenceBillboardComponent.cpp">
      <Filter>ソース ファイル</Filter>
    </ClCompile>
    <ClCompile Include="Components\ParticlesControlComponent.cpp">
      <Filter>ソース ファイル</Filter>
    </ClCompile>
    <ClCompile Include="Components\SlashEffectComponent.cpp">
      <Filter>ソース ファイル</Filter>
    </ClCompile>
    <ClCompile Include="Components\ChargePerformanceComponent.cpp">
      <Filter>ソース ファイル</Filter>
    </ClCompile>
    <ClCompile Include="Components\ChargeParticleMoveComponent.cpp">
      <Filter>ソース ファイル</Filter>
    </ClCompile>
    <ClCompile Include="Components\ChargeSlashComponent.cpp">
      <Filter>ソース ファイル</Filter>
    </ClCompile>
    <ClCompile Include="Manager\ShaderManager.cpp">
      <Filter>ソース ファイル</Filter>
    </ClCompile>
    <ClCompile Include="Components\RenderRingLuminescenceBillboardComponent.cpp">
      <Filter>ソース ファイル</Filter>
    </ClCompile>
  </ItemGroup>
  <ItemGroup>
    <ClInclude Include="dx11helper.h">
      <Filter>ヘッダー ファイル</Filter>
    </ClInclude>
    <ClInclude Include="System\Application.h">
      <Filter>ヘッダー ファイル</Filter>
    </ClInclude>
    <ClInclude Include="VertexBuffer.h">
      <Filter>ヘッダー ファイル</Filter>
    </ClInclude>
    <ClInclude Include="IndexBuffer.h">
      <Filter>ヘッダー ファイル</Filter>
    </ClInclude>
    <ClInclude Include="main.h">
      <Filter>ヘッダー ファイル</Filter>
    </ClInclude>
    <ClInclude Include="Shader.h">
      <Filter>ヘッダー ファイル</Filter>
    </ClInclude>
    <ClInclude Include="stb_image.h">
      <Filter>ヘッダー ファイル</Filter>
    </ClInclude>
    <ClInclude Include="Texture.h">
      <Filter>ヘッダー ファイル</Filter>
    </ClInclude>
    <ClInclude Include="System\AssimpPerse.h">
      <Filter>ヘッダー ファイル</Filter>
    </ClInclude>
    <ClInclude Include="MeshRenderer.h">
      <Filter>ヘッダー ファイル</Filter>
    </ClInclude>
    <ClInclude Include="utility.h">
      <Filter>ヘッダー ファイル</Filter>
    </ClInclude>
    <ClInclude Include="Material.h">
      <Filter>ヘッダー ファイル</Filter>
    </ClInclude>
    <ClInclude Include="GameObject.h">
      <Filter>ヘッダー ファイル</Filter>
    </ClInclude>
    <ClInclude Include="input.h">
      <Filter>ヘッダー ファイル</Filter>
    </ClInclude>
    <ClInclude Include="sound.h">
      <Filter>ヘッダー ファイル</Filter>
    </ClInclude>
    <ClInclude Include="System\DirectXRender.h">
      <Filter>ヘッダー ファイル</Filter>
    </ClInclude>
    <ClInclude Include="..\imgui\imgui\Include\imconfig.h">
      <Filter>ImGui</Filter>
    </ClInclude>
    <ClInclude Include="..\imgui\imgui\Include\imgui.h">
      <Filter>ImGui</Filter>
    </ClInclude>
    <ClInclude Include="..\imgui\imgui\Include\imgui_impl_dx11.h">
      <Filter>ImGui</Filter>
    </ClInclude>
    <ClInclude Include="..\imgui\imgui\Include\imgui_impl_win32.h">
      <Filter>ImGui</Filter>
    </ClInclude>
    <ClInclude Include="..\imgui\imgui\Include\imgui_internal.h">
      <Filter>ImGui</Filter>
    </ClInclude>
    <ClInclude Include="..\imgui\imgui\Include\imstb_rectpack.h">
      <Filter>ImGui</Filter>
    </ClInclude>
    <ClInclude Include="..\imgui\imgui\Include\imstb_textedit.h">
      <Filter>ImGui</Filter>
    </ClInclude>
    <ClInclude Include="..\imgui\imgui\Include\imstb_truetype.h">
      <Filter>ImGui</Filter>
    </ClInclude>
    <ClInclude Include="System\DebugCout.h">
      <Filter>ヘッダー ファイル</Filter>
    </ClInclude>
    <ClInclude Include="Ray.h">
      <Filter>ヘッダー ファイル</Filter>
    </ClInclude>
    <ClInclude Include="RenderElement.h">
      <Filter>ヘッダー ファイル</Filter>
    </ClInclude>
    <ClInclude Include="Components\Camera.h">
      <Filter>Components</Filter>
    </ClInclude>
    <ClInclude Include="Components\Collider.h">
      <Filter>Components</Filter>
    </ClInclude>
    <ClInclude Include="Components\JumpComponent.h">
      <Filter>Components</Filter>
    </ClInclude>
    <ClInclude Include="Components\Render.h">
      <Filter>Components</Filter>
    </ClInclude>
    <ClInclude Include="Components\Render3D.h">
      <Filter>Components</Filter>
    </ClInclude>
    <ClInclude Include="Components\RigidBodyComponent.h">
      <Filter>Components</Filter>
    </ClInclude>
    <ClInclude Include="Components\Transform.h">
      <Filter>Components</Filter>
    </ClInclude>
    <ClInclude Include="Components\Component.h">
      <Filter>Components</Filter>
    </ClInclude>
    <ClInclude Include="Components\Render3DColliderAABBComponent.h">
      <Filter>Components</Filter>
    </ClInclude>
    <ClInclude Include="Components\PlayerOperationComponent.h">
      <Filter>Components</Filter>
    </ClInclude>
    <ClInclude Include="Scene\SceneList.h">
      <Filter>Scenes</Filter>
    </ClInclude>
    <ClInclude Include="Scene\Scene.h">
      <Filter>Scenes</Filter>
    </ClInclude>
    <ClInclude Include="Scene\Stage1Scene.h">
      <Filter>Scenes</Filter>
    </ClInclude>
    <ClInclude Include="Scene\TitleScene.h">
      <Filter>Scenes</Filter>
    </ClInclude>
    <ClInclude Include="Scene\ResultScene.h">
      <Filter>Scenes</Filter>
    </ClInclude>
    <ClInclude Include="Mesh\CubeMesh.h">
      <Filter>Mesh</Filter>
    </ClInclude>
    <ClInclude Include="Mesh\SquareMesh.h">
      <Filter>Mesh</Filter>
    </ClInclude>
    <ClInclude Include="StaticMesh.h">
      <Filter>Mesh</Filter>
    </ClInclude>
    <ClInclude Include="Mesh\Mesh.h">
      <Filter>Mesh</Filter>
    </ClInclude>
    <ClInclude Include="Mesh\CircleMesh.h">
      <Filter>Mesh</Filter>
    </ClInclude>
    <ClInclude Include="Mesh\SphereMesh.h">
      <Filter>Mesh</Filter>
    </ClInclude>
    <ClInclude Include="BoneData.h">
      <Filter>ヘッダー ファイル</Filter>
    </ClInclude>
    <ClInclude Include="Components\RenderOneSkinAnimation.h">
      <Filter>Components</Filter>
    </ClInclude>
    <ClInclude Include="BonePartsMesh.h">
      <Filter>Mesh</Filter>
    </ClInclude>
    <ClInclude Include="InchWorm_Test.h">
      <Filter>Components</Filter>
    </ClInclude>
    <ClInclude Include="Components\Render2D.h">
      <Filter>Components</Filter>
    </ClInclude>
    <ClInclude Include="Components\RenderBillboard.h">
      <Filter>Components</Filter>
    </ClInclude>
    <ClInclude Include="Components\BoneComponent.h">
      <Filter>Components</Filter>
    </ClInclude>
    <ClInclude Include="Scene\TestStageScene.h">
      <Filter>Scenes</Filter>
    </ClInclude>
    <ClInclude Include="Components\FighterComponent.h">
      <Filter>Components</Filter>
    </ClInclude>
    <ClInclude Include="Components\AttackTimingComponent.h">
      <Filter>Components</Filter>
    </ClInclude>
    <ClInclude Include="Components\EnemyDamageComponent.h">
      <Filter>Components</Filter>
    </ClInclude>
    <ClInclude Include="Components\CameraMoveComponent.h">
      <Filter>Components</Filter>
    </ClInclude>
    <ClInclude Include="Components\SpringComponent.h">
      <Filter>Components</Filter>
    </ClInclude>
    <ClInclude Include="Components\CameraPointComponent.h">
      <Filter>Components</Filter>
    </ClInclude>
    <ClInclude Include="CameraPattern.h">
      <Filter>ヘッダー ファイル</Filter>
    </ClInclude>
    <ClInclude Include="Components\CameraTargetComponent.h">
      <Filter>Components</Filter>
    </ClInclude>
    <ClInclude Include="Scene\TestMaskScene.h">
      <Filter>Scenes</Filter>
    </ClInclude>
    <ClInclude Include="Components\RenderMask3D.h">
      <Filter>Components</Filter>
    </ClInclude>
    <ClInclude Include="Components\Render3DColliderOBBComponent.h">
      <Filter>Components</Filter>
    </ClInclude>
    <ClInclude Include="Components\GoAroundComponent.h">
      <Filter>Components</Filter>
    </ClInclude>
    <ClInclude Include="HPParam.h">
      <Filter>ヘッダー ファイル</Filter>
    </ClInclude>
    <ClInclude Include="Components\HPBarMoveComponent.h">
      <Filter>Components</Filter>
    </ClInclude>
    <ClInclude Include="Components\StageLoadCSVComponent.h">
      <Filter>Components</Filter>
    </ClInclude>
    <ClInclude Include="Scene\LoadStageScene.h">
      <Filter>Scenes</Filter>
    </ClInclude>
    <ClInclude Include="CSV_Data.h">
      <Filter>ヘッダー ファイル</Filter>
    </ClInclude>
    <ClInclude Include="Components\TerrainJsonComponent.h">
      <Filter>Components</Filter>
    </ClInclude>
    <ClInclude Include="ObjectStatus.h">
      <Filter>ヘッダー ファイル</Filter>
    </ClInclude>
    <ClInclude Include="Components\AttackComponent.h">
      <Filter>Components</Filter>
    </ClInclude>
    <ClInclude Include="Components\AttackOneTimeComponent.h">
      <Filter>Components</Filter>
    </ClInclude>
    <ClInclude Include="Components\JsonComponent.h">
      <Filter>Components</Filter>
    </ClInclude>
    <ClInclude Include="Components\EnemyJsonComponent.h">
      <Filter>Components</Filter>
    </ClInclude>
    <ClInclude Include="Components\CSVObjectManagerComponent.h">
      <Filter>Components</Filter>
    </ClInclude>
    <ClInclude Include="Components\EnemyManagerComponent.h">
      <Filter>Components</Filter>
    </ClInclude>
    <ClInclude Include="Components\TestExtrusionJudgeComponent.h">
      <Filter>Components</Filter>
    </ClInclude>
    <ClInclude Include="Mesh\SkyDomeMesh.h">
      <Filter>Mesh</Filter>
    </ClInclude>
    <ClInclude Include="Components\SkyDomeRenderComponent.h">
      <Filter>Components</Filter>
    </ClInclude>
    <ClInclude Include="Manager\SceneManager.h">
      <Filter>Managers</Filter>
    </ClInclude>
    <ClInclude Include="Manager\GameObjectManager.h">
      <Filter>Managers</Filter>
    </ClInclude>
    <ClInclude Include="Manager\ComponentTypeManager.h">
      <Filter>Managers</Filter>
    </ClInclude>
    <ClInclude Include="Manager\ModelManager.h">
      <Filter>Managers</Filter>
    </ClInclude>
    <ClInclude Include="Manager\TextureManager.h">
      <Filter>Managers</Filter>
    </ClInclude>
    <ClInclude Include="Manager\TimeManager.h">
      <Filter>Managers</Filter>
    </ClInclude>
    <ClInclude Include="Components\TestSwordActionComponent.h">
      <Filter>Components</Filter>
    </ClInclude>
    <ClInclude Include="Components\DoorFadeComponent.h">
      <Filter>Components</Filter>
    </ClInclude>
    <ClInclude Include="Components\TerrainManagerComponent.h">
      <Filter>Managers</Filter>
    </ClInclude>
    <ClInclude Include="Components\EnemyActionComponent.h">
      <Filter>Components</Filter>
    </ClInclude>
    <ClInclude Include="Components\EnemyActionBulletComponent.h">
      <Filter>Components</Filter>
    </ClInclude>
    <ClInclude Include="Components\BulletComponent.h">
      <Filter>Components</Filter>
    </ClInclude>
    <ClInclude Include="Components\PlayerDamageComponent.h">
      <Filter>Components</Filter>
    </ClInclude>
    <ClInclude Include="Components\EnemyActionHopperComponent.h">
      <Filter>Components</Filter>
    </ClInclude>
    <ClInclude Include="Components\Effect2DComponent.h">
      <Filter>Components</Filter>
    </ClInclude>
    <ClInclude Include="Components\MoveTerrainComponent.h">
      <Filter>Components</Filter>
    </ClInclude>
    <ClInclude Include="Components\BossEventComponent.h">
      <Filter>Components</Filter>
    </ClInclude>
    <ClInclude Include="Components\EnemyActionBossComponent.h">
      <Filter>Components</Filter>
    </ClInclude>
    <ClInclude Include="Components\BlinkingUIComponent.h">
      <Filter>Components</Filter>
    </ClInclude>
    <ClInclude Include="Components\DeathBlockComponent.h">
      <Filter>Components</Filter>
    </ClInclude>
    <ClInclude Include="Components\HumanBoneComponent.h">
      <Filter>Components</Filter>
    </ClInclude>
    <ClInclude Include="Mesh\LineMesh.h">
      <Filter>Mesh</Filter>
    </ClInclude>
    <ClInclude Include="Components\RenderLineComponent.h">
      <Filter>Components</Filter>
    </ClInclude>
    <ClInclude Include="Components\BonePartsComponent.h">
      <Filter>Components</Filter>
    </ClInclude>
    <ClInclude Include="Components\FollowPositionComponent.h">
      <Filter>Components</Filter>
    </ClInclude>
    <ClInclude Include="TestBoneData.h">
      <Filter>ヘッダー ファイル</Filter>
    </ClInclude>
    <ClInclude Include="HelpMath.h">
      <Filter>ヘッダー ファイル</Filter>
    </ClInclude>
    <ClInclude Include="Components\RenderBlurComponent.h">
      <Filter>Components</Filter>
    </ClInclude>
    <ClInclude Include="Scene\HighwayScene.h">
      <Filter>Scenes</Filter>
    </ClInclude>
    <ClInclude Include="Components\LeapToCenterCarComponent.h">
      <Filter>Components</Filter>
    </ClInclude>
    <ClInclude Include="Components\MoveCarComponent.h">
      <Filter>Components</Filter>
    </ClInclude>
    <ClInclude Include="Components\HitFlashComponent.h">
      <Filter>Components</Filter>
    </ClInclude>
    <ClInclude Include="Components\TrailRenderComponent.h">
      <Filter>Components</Filter>
    </ClInclude>
    <ClInclude Include="Mesh\TrailMesh.h">
      <Filter>Mesh</Filter>
    </ClInclude>
    <ClInclude Include="Mesh\PlaneMesh.h">
      <Filter>Mesh</Filter>
    </ClInclude>
    <ClInclude Include="Components\ArbitraryRotationComponent.h">
      <Filter>Components</Filter>
    </ClInclude>
    <ClInclude Include="XMFLOAT_Helper.h">
      <Filter>ヘッダー ファイル</Filter>
    </ClInclude>
    <ClInclude Include="Manager\HitStopManager.h">
      <Filter>Managers</Filter>
    </ClInclude>
    <ClInclude Include="Components\TrailMakeComponent.h">
      <Filter>Components</Filter>
    </ClInclude>
    <ClInclude Include="Components\Bones.h">
      <Filter>ヘッダー ファイル</Filter>
    </ClInclude>
    <ClInclude Include="Components\CameraShakeComponent.h">
      <Filter>Components</Filter>
    </ClInclude>
    <ClInclude Include="Manager\EventBusManager.h">
      <Filter>Managers</Filter>
    </ClInclude>
    <ClInclude Include="Components\MeshCut2DComponent.h">
      <Filter>Components</Filter>
    </ClInclude>
    <ClInclude Include="Components\RenderMotionBlurComponent.h">
      <Filter>Components</Filter>
    </ClInclude>
    <ClInclude Include="DebugSystem\DebugSystem.h">
      <Filter>DebugSystem</Filter>
    </ClInclude>
    <ClInclude Include="Components\ProjectileMotionComponent.h">
      <Filter>Components</Filter>
    </ClInclude>
    <ClInclude Include="Mesh\TriangleMesh.h">
      <Filter>Mesh</Filter>
    </ClInclude>
    <ClInclude Include="Mesh\PentagonMesh.h">
      <Filter>Mesh</Filter>
    </ClInclude>
    <ClInclude Include="Components\RenderLine2DComponent.h">
      <Filter>Components</Filter>
    </ClInclude>
    <ClInclude Include="Components\VectorMoveComponent.h">
      <Filter>Components</Filter>
    </ClInclude>
    <ClInclude Include="Components\FliesMoveComponent.h">
      <Filter>Components</Filter>
    </ClInclude>
    <ClInclude Include="Components\TimeSpawnParticlesComponent.h">
      <Filter>Components</Filter>
    </ClInclude>
    <ClInclude Include="Components\TitleAnimationControlComponent.h">
      <Filter>Components</Filter>
    </ClInclude>
    <ClInclude Include="Components\RenderParticlesComponent.h">
      <Filter>ヘッダー ファイル</Filter>
    </ClInclude>
    <ClInclude Include="Components\EnemyDeathEventComponent.h">
      <Filter>Components</Filter>
    </ClInclude>
    <ClInclude Include="Components\MotionBlurControllerComponent.h">
      <Filter>Components</Filter>
    </ClInclude>
    <ClInclude Include="Components\RenderMotionBlurCircularComponent.h">
      <Filter>Components</Filter>
    </ClInclude>
    <ClInclude Include="Components\RenderLuminescenceBillboardComponent.h">
      <Filter>ヘッダー ファイル</Filter>
    </ClInclude>
    <ClInclude Include="Components\ParticlesControlComponent.h">
      <Filter>ヘッダー ファイル</Filter>
    </ClInclude>
    <ClInclude Include="Components\SlashEffectComponent.h">
      <Filter>ヘッダー ファイル</Filter>
    </ClInclude>
    <ClInclude Include="RightLeft.h">
      <Filter>ヘッダー ファイル</Filter>
    </ClInclude>
    <ClInclude Include="Components\ChargePerformanceComponent.h">
      <Filter>ヘッダー ファイル</Filter>
    </ClInclude>
    <ClInclude Include="Components\ChargeParticleMoveComponent.h">
      <Filter>ヘッダー ファイル</Filter>
    </ClInclude>
    <ClInclude Include="Components\ChargeSlashComponent.h">
      <Filter>ヘッダー ファイル</Filter>
    </ClInclude>
    <ClInclude Include="Manager\ShaderManager.h">
      <Filter>ヘッダー ファイル</Filter>
    </ClInclude>
    <ClInclude Include="Components\RenderRingLuminescenceBillboardComponent.h">
      <Filter>ヘッダー ファイル</Filter>
    </ClInclude>
  </ItemGroup>
  <ItemGroup>
    <FxCompile Include="shader\common.hlsl">
      <Filter>リソース ファイル</Filter>
    </FxCompile>
    <FxCompile Include="shader\unlitTexturePS.hlsl">
      <Filter>リソース ファイル</Filter>
    </FxCompile>
    <FxCompile Include="shader\unlitTextureVS.hlsl">
      <Filter>リソース ファイル</Filter>
    </FxCompile>
    <FxCompile Include="shader\OneSkinAnimationVS.hlsl">
      <Filter>リソース ファイル</Filter>
    </FxCompile>
    <FxCompile Include="shader\OneSkinAnimationPS.hlsl">
      <Filter>リソース ファイル</Filter>
    </FxCompile>
    <FxCompile Include="shader\unlitTextureVS2D.hlsl">
      <Filter>リソース ファイル</Filter>
    </FxCompile>
    <FxCompile Include="shader\MaskTexturePS.hlsl">
      <Filter>リソース ファイル</Filter>
    </FxCompile>
    <FxCompile Include="shader\OverVertexMoveVS.hlsl">
      <Filter>リソース ファイル</Filter>
    </FxCompile>
    <FxCompile Include="shader\unlitTextureVSSkyDome.hlsl">
      <Filter>リソース ファイル</Filter>
    </FxCompile>
    <FxCompile Include="shader\litTextureVS.hlsl">
      <Filter>リソース ファイル</Filter>
    </FxCompile>
    <FxCompile Include="shader\litTexturePS.hlsl">
      <Filter>リソース ファイル</Filter>
    </FxCompile>
    <FxCompile Include="shader\unlitTexture_GS.hlsl">
      <Filter>リソース ファイル</Filter>
    </FxCompile>
    <FxCompile Include="shader\LineVS.hlsl">
      <Filter>リソース ファイル</Filter>
    </FxCompile>
    <FxCompile Include="shader\BlurPS.hlsl">
      <Filter>リソース ファイル</Filter>
    </FxCompile>
    <FxCompile Include="shader\Animation2DVS.hlsl">
      <Filter>リソース ファイル</Filter>
    </FxCompile>
    <FxCompile Include="shader\Fighter2DPS.hlsl">
      <Filter>リソース ファイル</Filter>
    </FxCompile>
    <FxCompile Include="shader\unlitTexture2D_GS.hlsl">
      <Filter>リソース ファイル</Filter>
    </FxCompile>
    <FxCompile Include="shader\MotionBlurVS.hlsl">
      <Filter>リソース ファイル</Filter>
    </FxCompile>
    <FxCompile Include="shader\litTextureVS2D.hlsl">
      <Filter>リソース ファイル</Filter>
    </FxCompile>
    <FxCompile Include="shader\MotionBlurCircularGS.hlsl" />
    <FxCompile Include="shader\PassThroughVS.hlsl" />
    <FxCompile Include="shader\unlitLuminescencePS.hlsl" />
    <FxCompile Include="shader\unlitRingLuminescencePS.hlsl" />
  </ItemGroup>
  <ItemGroup>
    <None Include="GameObjectTemplate.inl">
      <Filter>ヘッダー ファイル</Filter>
    </None>
  </ItemGroup>
</Project>